{
  "name": "loginbutton-spectrum",
  "version": "1.2.1",
  "lockfileVersion": 3,
  "requires": true,
  "packages": {
    "": {
      "name": "loginbutton-spectrum",
      "version": "1.2.1",
      "dependencies": {
        "@spectrum-css/avatar": "latest",
        "@spectrum-css/button": "latest",
        "@spectrum-css/fieldlabel": "latest",
        "@spectrum-css/helptext": "latest",
        "@spectrum-css/page": "latest",
        "@spectrum-css/textfield": "latest",
        "@spectrum-css/tokens": "latest",
        "@spectrum-css/typography": "latest"
      }
    },
    "node_modules/@spectrum-css/avatar": {
      "version": "9.2.0",
      "resolved": "https://registry.npmjs.org/@spectrum-css/avatar/-/avatar-9.2.0.tgz",
      "integrity": "sha512-Iq9src/F3Ojj9kKtbXIWgL4l67JIatmfmbV1u93YjVpLM91EcqbbAhzZby7xBPn+TqEAOP1YoQM9oZBKIJhYgg==",
      "license": "Apache-2.0",
      "peerDependencies": {
        "@spectrum-css/tokens": ">=16.0.1"
      },
      "peerDependenciesMeta": {
        "@spectrum-css/tokens": {
          "optional": true
        }
      }
    },
    "node_modules/@spectrum-css/button": {
      "version": "14.2.0",
      "resolved": "https://registry.npmjs.org/@spectrum-css/button/-/button-14.2.0.tgz",
      "integrity": "sha512-akl8q58zlDK/BoxEUaM1duHlA42/4kJqNPRZSaYTYTYkBE+d2PCVfXGFuRXUL0e4jzKMrEw16i1fmjo7DcgFFw==",
      "license": "Apache-2.0",
      "peerDependencies": {
        "@spectrum-css/icon": ">=9.0.0 <10.0.0",
        "@spectrum-css/progresscircle": ">=5.0.0 <6.0.0",
        "@spectrum-css/tokens": ">=16.0.0 <17.0.0"
      },
      "peerDependenciesMeta": {
        "@spectrum-css/icon": {
          "optional": true
        },
        "@spectrum-css/progresscircle": {
          "optional": true
        },
        "@spectrum-css/tokens": {
          "optional": true
        }
      }
    },
    "node_modules/@spectrum-css/fieldlabel": {
      "version": "10.2.0",
      "resolved": "https://registry.npmjs.org/@spectrum-css/fieldlabel/-/fieldlabel-10.2.0.tgz",
      "integrity": "sha512-llQOacSfGMAja4W7wBX5JLtL0A+/VuIRFnHAWJToXjSntkDMJYfrurnBRtFRC/ZRMQjw2jsV6dkXBtSTpMgNhA==",
      "license": "Apache-2.0",
      "peerDependencies": {
        "@spectrum-css/icon": ">=9.0.0 <10.0.0",
        "@spectrum-css/tokens": ">=16.0.0 <17.0.0"
      },
      "peerDependenciesMeta": {
        "@spectrum-css/icon": {
          "optional": true
        },
        "@spectrum-css/tokens": {
          "optional": true
        }
      }
    },
    "node_modules/@spectrum-css/helptext": {
      "version": "7.2.0",
      "resolved": "https://registry.npmjs.org/@spectrum-css/helptext/-/helptext-7.2.0.tgz",
      "integrity": "sha512-OZNCiP0m+j0qzneSAifjkWk67P4HC+7KksDMKoXau10nNYYVjvHYQSWzXcdAX6ISKGbqkeQ11iMfYbJck6oIRw==",
      "license": "Apache-2.0",
      "peerDependencies": {
        "@spectrum-css/icon": ">=9.0.0 <10.0.0",
        "@spectrum-css/tokens": ">=16.0.0 <17.0.0"
      },
      "peerDependenciesMeta": {
        "@spectrum-css/icon": {
          "optional": true
        },
        "@spectrum-css/tokens": {
          "optional": true
        }
      }
    },
    "node_modules/@spectrum-css/page": {
      "version": "9.2.0",
      "resolved": "https://registry.npmjs.org/@spectrum-css/page/-/page-9.2.0.tgz",
      "integrity": "sha512-TWg4ELxjaE+co/jB5okg5WpjxONBzxX1pW3jy9uZex5ZfzYxoQ+VrfLysagkv1AS9U44RCHGO4gXj+15ooeL9A==",
      "license": "Apache-2.0",
      "peerDependencies": {
        "@spectrum-css/tokens": ">=16.0.1"
      },
      "peerDependenciesMeta": {
        "@spectrum-css/tokens": {
          "optional": true
        }
      }
    },
    "node_modules/@spectrum-css/textfield": {
      "version": "8.2.0",
      "resolved": "https://registry.npmjs.org/@spectrum-css/textfield/-/textfield-8.2.0.tgz",
      "integrity": "sha512-Tuc1UJ7VSmLAQsIKzOTjfg/NoAtUCmP4lpAO4Uxifr0C+3dVjiQn1azOOvK7NjM9Fha+wPxajvET39o0tQ9PZQ==",
      "license": "Apache-2.0",
      "peerDependencies": {
        "@spectrum-css/helptext": ">=7.0.0 <8.0.0",
        "@spectrum-css/tokens": ">=16.0.0 <17.0.0"
      },
      "peerDependenciesMeta": {
        "@spectrum-css/helptext": {
          "optional": true
        },
        "@spectrum-css/tokens": {
          "optional": true
        }
      }
    },
    "node_modules/@spectrum-css/tokens": {
      "version": "16.0.2",
      "resolved": "https://registry.npmjs.org/@spectrum-css/tokens/-/tokens-16.0.2.tgz",
      "integrity": "sha512-VF/O5I903qpwO6TUZY4hTvYTy7t5HHe1nY6xBD2ZbaT4tX5Dm7RsSw8umVw5qbjCinHJL/pEsb0xsWtlsyUicQ==",
      "license": "Apache-2.0"
    },
    "node_modules/@spectrum-css/typography": {
      "version": "8.2.0",
      "resolved": "https://registry.npmjs.org/@spectrum-css/typography/-/typography-8.2.0.tgz",
      "integrity": "sha512-8xDYN1n1Z2VmY8rWWz2TtN8gP2uyJ0SLPH7aEuXSEh0+sjWrKSK5eMaSSN1RVxKoJWIM+ZRTjQbm1NxL+WKI3w==",
      "license": "Apache-2.0",
      "peerDependencies": {
        "@spectrum-css/tokens": ">=16.0.1"
      },
      "peerDependenciesMeta": {
        "@spectrum-css/tokens": {
          "optional": true
        }
      }
    }
  }
}
